
Microsoft Visual Studio Solution File, Format Version 12.00
# Visual Studio Version 17
VisualStudioVersion = 17.5.001.0
MinimumVisualStudioVersion = 10.0.40219.1
Project("{9A19103F-16F7-4668-BE54-9A1E7A4F7556}") = "Example001_HelloConsole", "Example001_HelloConsole.csproj", "{347AAE7D-A4DF-4788-8D4B-12269525D6A7}"
EndProject
Global
	GlobalSection(SolutionConfigurationPlatforms) = preSolution
		Debug|Any CPU = Debug|Any CPU
		Release|Any CPU = Release|Any CPU
	EndGlobalSection
	GlobalSection(ProjectConfigurationPlatforms) = postSolution
		{347AAE7D-A4DF-4788-8D4B-12269525D6A7}.Debug|Any CPU.ActiveCfg = Debug|Any CPU
		{347AAE7D-A4DF-4788-8D4B-12269525D6A7}.Debug|Any CPU.Build.0 = Debug|Any CPU
		{347AAE7D-A4DF-4788-8D4B-12269525D6A7}.Release|Any CPU.ActiveCfg = Release|Any CPU
		{347AAE7D-A4DF-4788-8D4B-12269525D6A7}.Release|Any CPU.Build.0 = Release|Any CPU
	EndGlobalSection
	GlobalSection(SolutionProperties) = preSolution
		HideSolutionNode = FALSE
	EndGlobalSection
	GlobalSection(ExtensibilityGlobals) = postSolution
		SolutionGuid = {81E9B62F-DFC7-4558-B7DF-8AB1D7437962}
	EndGlobalSection
EndGlobal
